PATH
  remote: .
  specs:
    ovallsp (0.1.15)
      prism (>= 0.24)
      rbs (>= 3.0)

GEM
  remote: https://rubygems.org/
  specs:
    benchmark (0.5.0)
    diff-lcs (1.6.2)
    logger (1.7.0)
    prism (1.9.0)
    rbs (4.0.3)
      logger
      prism (>= 1.6.0)
      tsort
    rspec (3.13.2)
      rspec-core (~> 3.13.0)
      rspec-expectations (~> 3.13.0)
      rspec-mocks (~> 3.13.0)
    rspec-core (3.13.6)
      rspec-support (~> 3.13.0)
    rspec-expectations (3.13.5)
      diff-lcs (>= 1.2.0, < 2.0)
      rspec-support (~> 3.13.0)
    rspec-mocks (3.13.8)
      diff-lcs (>= 1.2.0, < 2.0)
      rspec-support (~> 3.13.0)
    rspec-support (3.13.7)
    tsort (0.2.0)

PLATFORMS
  arm64-darwin-25
  ruby

DEPENDENCIES
  benchmark
  ovallsp!
  rspec (~> 3.13)

BUNDLED WITH
   2.7.2
